
Microsoft Visual Studio Solution File, Format Version 12.00
# Visual Studio Version 17
VisualStudioVersion = 17.2.32616.157
MinimumVisualStudioVersion = 10.0.40219.1
Project("{FAE04EC0-301F-11D3-BF4B-00C04F79EFBC}") = "clean-recent-mini", "clean-recent-mini.csproj", "{7D86C93F-74CF-4D00-9963-C2FA7B4DECA5}"
EndProject
Global
	GlobalSection(SolutionConfigurationPlatforms) = preSolution
		Debug|Any CPU = Debug|Any CPU
		Release|Any CPU = Release|Any CPU
	EndGlobalSection
	GlobalSection(ProjectConfigurationPlatforms) = postSolution
		{7D86C93F-74CF-4D00-9963-C2FA7B4DECA5}.Debug|Any CPU.ActiveCfg = Debug|Any CPU
		{7D86C93F-74CF-4D00-9963-C2FA7B4DECA5}.Debug|Any CPU.Build.0 = Debug|Any CPU
		{7D86C93F-74CF-4D00-9963-C2FA7B4DECA5}.Release|Any CPU.ActiveCfg = Release|Any CPU
		{7D86C93F-74CF-4D00-9963-C2FA7B4DECA5}.Release|Any CPU.Build.0 = Release|Any CPU
	EndGlobalSection
	GlobalSection(SolutionProperties) = preSolution
		HideSolutionNode = FALSE
	EndGlobalSection
	GlobalSection(ExtensibilityGlobals) = postSolution
		SolutionGuid = {3AD93B20-DADC-4DE7-9C37-58D26899E909}
	EndGlobalSection
EndGlobal
